
Microsoft Visual Studio Solution File, Format Version 12.00
# Visual Studio Version 16
VisualStudioVersion = 16.0.29001.49
MinimumVisualStudioVersion = 10.0.40219.1
Project("{FAE04EC0-301F-11D3-BF4B-00C04F79EFBC}") = "OXOBusiness", "OXOBusiness\OXOBusiness.csproj", "{7418BAF5-E72C-4C61-A1CE-B4ABFE87EE06}"
EndProject
Project("{FAE04EC0-301F-11D3-BF4B-00C04F79EFBC}") = "OXO_UI", "OXO_UI\OXO_UI.csproj", "{C87E0967-5FA6-422E-BD3E-EB0059B11D3C}"
EndProject
Global
	GlobalSection(SolutionConfigurationPlatforms) = preSolution
		Debug|Any CPU = Debug|Any CPU
		Release|Any CPU = Release|Any CPU
	EndGlobalSection
	GlobalSection(ProjectConfigurationPlatforms) = postSolution
		{7418BAF5-E72C-4C61-A1CE-B4ABFE87EE06}.Debug|Any CPU.ActiveCfg = Debug|Any CPU
		{7418BAF5-E72C-4C61-A1CE-B4ABFE87EE06}.Debug|Any CPU.Build.0 = Debug|Any CPU
		{7418BAF5-E72C-4C61-A1CE-B4ABFE87EE06}.Release|Any CPU.ActiveCfg = Release|Any CPU
		{7418BAF5-E72C-4C61-A1CE-B4ABFE87EE06}.Release|Any CPU.Build.0 = Release|Any CPU
		{C87E0967-5FA6-422E-BD3E-EB0059B11D3C}.Debug|Any CPU.ActiveCfg = Debug|Any CPU
		{C87E0967-5FA6-422E-BD3E-EB0059B11D3C}.Debug|Any CPU.Build.0 = Debug|Any CPU
		{C87E0967-5FA6-422E-BD3E-EB0059B11D3C}.Release|Any CPU.ActiveCfg = Release|Any CPU
		{C87E0967-5FA6-422E-BD3E-EB0059B11D3C}.Release|Any CPU.Build.0 = Release|Any CPU
	EndGlobalSection
	GlobalSection(SolutionProperties) = preSolution
		HideSolutionNode = FALSE
	EndGlobalSection
	GlobalSection(ExtensibilityGlobals) = postSolution
		SolutionGuid = {62854533-7D8E-46B5-AE27-156AFF7CA47E}
	EndGlobalSection
EndGlobal
